
Microsoft Visual Studio Solution File, Format Version 12.00
# Visual Studio Version 16
VisualStudioVersion = 16.0.30011.22
MinimumVisualStudioVersion = 10.0.40219.1
Project("{FAE04EC0-301F-11D3-BF4B-00C04F79EFBC}") = "QLSV", "QLSV\QLSV.csproj", "{82FECD70-A60B-4DF0-A238-6591D42148D8}"
EndProject
Global
	GlobalSection(SolutionConfigurationPlatforms) = preSolution
		Debug|Any CPU = Debug|Any CPU
		Release|Any CPU = Release|Any CPU
	EndGlobalSection
	GlobalSection(ProjectConfigurationPlatforms) = postSolution
		{82FECD70-A60B-4DF0-A238-6591D42148D8}.Debug|Any CPU.ActiveCfg = Debug|Any CPU
		{82FECD70-A60B-4DF0-A238-6591D42148D8}.Debug|Any CPU.Build.0 = Debug|Any CPU
		{82FECD70-A60B-4DF0-A238-6591D42148D8}.Release|Any CPU.ActiveCfg = Release|Any CPU
		{82FECD70-A60B-4DF0-A238-6591D42148D8}.Release|Any CPU.Build.0 = Release|Any CPU
	EndGlobalSection
	GlobalSection(SolutionProperties) = preSolution
		HideSolutionNode = FALSE
	EndGlobalSection
	GlobalSection(ExtensibilityGlobals) = postSolution
		SolutionGuid = {013E4D01-C0B0-456C-85D4-6B08F62A6CBC}
	EndGlobalSection
EndGlobal
